// !$*UTF8*$!
{
	archiveVersion = 1;
	classes = {
	};
	objectVersion = 46;
	objects = {

/* Begin PBXBuildFile section */
		6617C98018B25A93006BABCE /* Foundation.framework in Frameworks */ = {isa = PBXBuildFile; fileRef = 6617C97F18B25A93006BABCE /* Foundation.framework */; };
		6617C98218B25A93006BABCE /* CoreGraphics.framework in Frameworks */ = {isa = PBXBuildFile; fileRef = 6617C98118B25A93006BABCE /* CoreGraphics.framework */; };
		6617C98418B25A93006BABCE /* UIKit.framework in Frameworks */ = {isa = PBXBuildFile; fileRef = 6617C98318B25A93006BABCE /* UIKit.framework */; };
		6617C98A18B25A93006BABCE /* InfoPlist.strings in Resources */ = {isa = PBXBuildFile; fileRef = 6617C98818B25A93006BABCE /* InfoPlist.strings */; };
		6617C98C18B25A93006BABCE /* main.m in Sources */ = {isa = PBXBuildFile; fileRef = 6617C98B18B25A93006BABCE /* main.m */; };
		6617C99018B25A93006BABCE /* AppDelegate.m in Sources */ = {isa = PBXBuildFile; fileRef = 6617C98F18B25A93006BABCE /* AppDelegate.m */; };
		6617C99218B25A93006BABCE /* Images.xcassets in Resources */ = {isa = PBXBuildFile; fileRef = 6617C99118B25A93006BABCE /* Images.xcassets */; };
/* End PBXBuildFile section */

/* Begin PBXContainerItemProxy section */
		66D91EDF18B41DD000D0A8A0 /* PBXContainerItemProxy */ = {
			isa = PBXContainerItemProxy;
			containerPortal = 66D91EDA18B41DD000D0A8A0 /* NimbusKit.xcodeproj */;
			proxyType = 2;
			remoteGlobalIDString = 66E8F61818B294FA005B65B0;
			remoteInfo = NimbusKit;
		};
		66D91EE118B41DD000D0A8A0 /* PBXContainerItemProxy */ = {
			isa = PBXContainerItemProxy;
			containerPortal = 66D91EDA18B41DD000D0A8A0 /* NimbusKit.xcodeproj */;
			proxyType = 2;
			remoteGlobalIDString = 66E8F62818B294FA005B65B0;
			remoteInfo = tests;
		};
		66D91EE318B41DD800D0A8A0 /* PBXContainerItemProxy */ = {
			isa = PBXContainerItemProxy;
			containerPortal = 66D91EDA18B41DD000D0A8A0 /* NimbusKit.xcodeproj */;
			proxyType = 1;
			remoteGlobalIDString = 66E8F61718B294FA005B65B0;
			remoteInfo = NimbusKit;
		};
/* End PBXContainerItemProxy section */

/* Begin PBXFileReference section */
		6617C97C18B25A93006BABCE /* Catalog.app */ = {isa = PBXFileReference; explicitFileType = wrapper.application; includeInIndex = 0; path = Catalog.app; sourceTree = BUILT_PRODUCTS_DIR; };
		6617C97F18B25A93006BABCE /* Foundation.framework */ = {isa = PBXFileReference; lastKnownFileType = wrapper.framework; name = Foundation.framework; path = System/Library/Frameworks/Foundation.framework; sourceTree = SDKROOT; };
		6617C98118B25A93006BABCE /* CoreGraphics.framework */ = {isa = PBXFileReference; lastKnownFileType = wrapper.framework; name = CoreGraphics.framework; path = System/Library/Frameworks/CoreGraphics.framework; sourceTree = SDKROOT; };
		6617C98318B25A93006BABCE /* UIKit.framework */ = {isa = PBXFileReference; lastKnownFileType = wrapper.framework; name = UIKit.framework; path = System/Library/Frameworks/UIKit.framework; sourceTree = SDKROOT; };
		6617C98718B25A93006BABCE /* Catalog-Info.plist */ = {isa = PBXFileReference; lastKnownFileType = text.plist.xml; path = "Catalog-Info.plist"; sourceTree = "<group>"; };
		6617C98918B25A93006BABCE /* en */ = {isa = PBXFileReference; lastKnownFileType = text.plist.strings; name = en; path = en.lproj/InfoPlist.strings; sourceTree = "<group>"; };
		6617C98B18B25A93006BABCE /* main.m */ = {isa = PBXFileReference; lastKnownFileType = sourcecode.c.objc; path = main.m; sourceTree = "<group>"; };
		6617C98D18B25A93006BABCE /* Catalog-Prefix.pch */ = {isa = PBXFileReference; lastKnownFileType = sourcecode.c.h; path = "Catalog-Prefix.pch"; sourceTree = "<group>"; };
		6617C98E18B25A93006BABCE /* AppDelegate.h */ = {isa = PBXFileReference; lastKnownFileType = sourcecode.c.h; path = AppDelegate.h; sourceTree = "<group>"; };
		6617C98F18B25A93006BABCE /* AppDelegate.m */ = {isa = PBXFileReference; lastKnownFileType = sourcecode.c.objc; path = AppDelegate.m; sourceTree = "<group>"; };
		6617C99118B25A93006BABCE /* Images.xcassets */ = {isa = PBXFileReference; lastKnownFileType = folder.assetcatalog; path = Images.xcassets; sourceTree = "<group>"; };
		6617C99818B25A93006BABCE /* XCTest.framework */ = {isa = PBXFileReference; lastKnownFileType = wrapper.framework; name = XCTest.framework; path = Library/Frameworks/XCTest.framework; sourceTree = DEVELOPER_DIR; };
		6671560D18B27316007FF94F /* LICENSE */ = {isa = PBXFileReference; lastKnownFileType = text; name = LICENSE; path = ../LICENSE; sourceTree = "<group>"; };
		6671560E18B27316007FF94F /* NOTICE */ = {isa = PBXFileReference; lastKnownFileType = text; name = NOTICE; path = ../NOTICE; sourceTree = "<group>"; };
		6671564B18B279A2007FF94F /* Doxyfile */ = {isa = PBXFileReference; explicitFileType = sourcecode.c.objc; name = Doxyfile; path = ../docs/Doxyfile; sourceTree = "<group>"; };
		6671564C18B279A2007FF94F /* Doxyfile-docset */ = {isa = PBXFileReference; explicitFileType = sourcecode.c.objc; name = "Doxyfile-docset"; path = "../docs/Doxyfile-docset"; sourceTree = "<group>"; };
		66D91E2F18B2B32400D0A8A0 /* refresh_features */ = {isa = PBXFileReference; lastKnownFileType = text.script.sh; name = refresh_features; path = ../refresh_features; sourceTree = "<group>"; };
		66D91EDA18B41DD000D0A8A0 /* NimbusKit.xcodeproj */ = {isa = PBXFileReference; lastKnownFileType = "wrapper.pb-project"; name = NimbusKit.xcodeproj; path = ../framework/NimbusKit.xcodeproj; sourceTree = "<group>"; };
		66D91EED18B4D04000D0A8A0 /* nimbuskit */ = {isa = PBXFileReference; explicitFileType = text.script.python; name = nimbuskit; path = ../nimbuskit; sourceTree = "<group>"; };
/* End PBXFileReference section */

/* Begin PBXFrameworksBuildPhase section */
		6617C97918B25A93006BABCE /* Frameworks */ = {
			isa = PBXFrameworksBuildPhase;
			buildActionMask = 2147483647;
			files = (
				6617C98218B25A93006BABCE /* CoreGraphics.framework in Frameworks */,
				6617C98418B25A93006BABCE /* UIKit.framework in Frameworks */,
				6617C98018B25A93006BABCE /* Foundation.framework in Frameworks */,
			);
			runOnlyForDeploymentPostprocessing = 0;
		};
/* End PBXFrameworksBuildPhase section */

/* Begin PBXGroup section */
		6617C97318B25A93006BABCE = {
			isa = PBXGroup;
			children = (
				6671560D18B27316007FF94F /* LICENSE */,
				6671560E18B27316007FF94F /* NOTICE */,
				6617C98518B25A93006BABCE /* Catalog */,
				6671564D18B279A4007FF94F /* docs */,
				6617C97E18B25A93006BABCE /* Frameworks */,
				6617C97D18B25A93006BABCE /* Products */,
			);
			sourceTree = "<group>";
		};
		6617C97D18B25A93006BABCE /* Products */ = {
			isa = PBXGroup;
			children = (
				6617C97C18B25A93006BABCE /* Catalog.app */,
			);
			name = Products;
			sourceTree = "<group>";
		};
		6617C97E18B25A93006BABCE /* Frameworks */ = {
			isa = PBXGroup;
			children = (
				66D91EDA18B41DD000D0A8A0 /* NimbusKit.xcodeproj */,
				6617C97F18B25A93006BABCE /* Foundation.framework */,
				6617C98118B25A93006BABCE /* CoreGraphics.framework */,
				6617C98318B25A93006BABCE /* UIKit.framework */,
				6617C99818B25A93006BABCE /* XCTest.framework */,
			);
			name = Frameworks;
			sourceTree = "<group>";
		};
		6617C98518B25A93006BABCE /* Catalog */ = {
			isa = PBXGroup;
			children = (
				6617C98E18B25A93006BABCE /* AppDelegate.h */,
				6617C98F18B25A93006BABCE /* AppDelegate.m */,
				6617C99118B25A93006BABCE /* Images.xcassets */,
				6617C98618B25A93006BABCE /* Supporting Files */,
			);
			path = Catalog;
			sourceTree = "<group>";
		};
		6617C98618B25A93006BABCE /* Supporting Files */ = {
			isa = PBXGroup;
			children = (
				6617C98718B25A93006BABCE /* Catalog-Info.plist */,
				6617C98818B25A93006BABCE /* InfoPlist.strings */,
				6617C98B18B25A93006BABCE /* main.m */,
				6617C98D18B25A93006BABCE /* Catalog-Prefix.pch */,
			);
			name = "Supporting Files";
			sourceTree = "<group>";
		};
		6671564D18B279A4007FF94F /* docs */ = {
			isa = PBXGroup;
			children = (
				6671564B18B279A2007FF94F /* Doxyfile */,
				6671564C18B279A2007FF94F /* Doxyfile-docset */,
				66D91EED18B4D04000D0A8A0 /* nimbuskit */,
				66D91E2F18B2B32400D0A8A0 /* refresh_features */,
			);
			name = docs;
			sourceTree = "<group>";
		};
		66D91EDB18B41DD000D0A8A0 /* Products */ = {
			isa = PBXGroup;
			children = (
				66D91EE018B41DD000D0A8A0 /* libNimbusKit.a */,
				66D91EE218B41DD000D0A8A0 /* tests.xctest */,
			);
			name = Products;
			sourceTree = "<group>";
		};
/* End PBXGroup section */

/* Begin PBXNativeTarget section */
		6617C97B18B25A93006BABCE /* Catalog */ = {
			isa = PBXNativeTarget;
			buildConfigurationList = 6617C9A818B25A93006BABCE /* Build configuration list for PBXNativeTarget "Catalog" */;
			buildPhases = (
				6617C97818B25A93006BABCE /* Sources */,
				6617C97918B25A93006BABCE /* Frameworks */,
				6617C97A18B25A93006BABCE /* Resources */,
			);
			buildRules = (
			);
			dependencies = (
				66D91EE418B41DD800D0A8A0 /* PBXTargetDependency */,
			);
			name = Catalog;
			productName = Catalog;
			productReference = 6617C97C18B25A93006BABCE /* Catalog.app */;
			productType = "com.apple.product-type.application";
		};
/* End PBXNativeTarget section */

/* Begin PBXProject section */
		6617C97418B25A93006BABCE /* Project object */ = {
			isa = PBXProject;
			attributes = {
				LastUpgradeCheck = 0500;
			};
			buildConfigurationList = 6617C97718B25A93006BABCE /* Build configuration list for PBXProject "Catalog" */;
			compatibilityVersion = "Xcode 3.2";
			developmentRegion = English;
			hasScannedForEncodings = 0;
			knownRegions = (
				en,
			);
			mainGroup = 6617C97318B25A93006BABCE;
			productRefGroup = 6617C97D18B25A93006BABCE /* Products */;
			projectDirPath = "";
			projectReferences = (
				{
					ProductGroup = 66D91EDB18B41DD000D0A8A0 /* Products */;
					ProjectRef = 66D91EDA18B41DD000D0A8A0 /* NimbusKit.xcodeproj */;
				},
			);
			projectRoot = "";
			targets = (
				6617C97B18B25A93006BABCE /* Catalog */,
			);
		};
/* End PBXProject section */

/* Begin PBXReferenceProxy section */
		66D91EE018B41DD000D0A8A0 /* libNimbusKit.a */ = {
			isa = PBXReferenceProxy;
			fileType = archive.ar;
			path = libNimbusKit.a;
			remoteRef = 66D91EDF18B41DD000D0A8A0 /* PBXContainerItemProxy */;
			sourceTree = BUILT_PRODUCTS_DIR;
		};
		66D91EE218B41DD000D0A8A0 /* tests.xctest */ = {
			isa = PBXReferenceProxy;
			fileType = wrapper.cfbundle;
			path = tests.xctest;
			remoteRef = 66D91EE118B41DD000D0A8A0 /* PBXContainerItemProxy */;
			sourceTree = BUILT_PRODUCTS_DIR;
		};
/* End PBXReferenceProxy section */

/* Begin PBXResourcesBuildPhase section */
		6617C97A18B25A93006BABCE /* Resources */ = {
			isa = PBXResourcesBuildPhase;
			buildActionMask = 2147483647;
			files = (
				6617C98A18B25A93006BABCE /* InfoPlist.strings in Resources */,
				6617C99218B25A93006BABCE /* Images.xcassets in Resources */,
			);
			runOnlyForDeploymentPostprocessing = 0;
		};
/* End PBXResourcesBuildPhase section */

/* Begin PBXSourcesBuildPhase section */
		6617C97818B25A93006BABCE /* Sources */ = {
			isa = PBXSourcesBuildPhase;
			buildActionMask = 2147483647;
			files = (
				6617C99018B25A93006BABCE /* AppDelegate.m in Sources */,
				6617C98C18B25A93006BABCE /* main.m in Sources */,
			);
			runOnlyForDeploymentPostprocessing = 0;
		};
/* End PBXSourcesBuildPhase section */

/* Begin PBXTargetDependency section */
		66D91EE418B41DD800D0A8A0 /* PBXTargetDependency */ = {
			isa = PBXTargetDependency;
			name = NimbusKit;
			targetProxy = 66D91EE318B41DD800D0A8A0 /* PBXContainerItemProxy */;
		};
/* End PBXTargetDependency section */

/* Begin PBXVariantGroup section */
		6617C98818B25A93006BABCE /* InfoPlist.strings */ = {
			isa = PBXVariantGroup;
			children = (
				6617C98918B25A93006BABCE /* en */,
			);
			name = InfoPlist.strings;
			sourceTree = "<group>";
		};
/* End PBXVariantGroup section */

/* Begin XCBuildConfiguration section */
		6617C9A618B25A93006BABCE /* Debug */ = {
			isa = XCBuildConfiguration;
			buildSettings = {
				ALWAYS_SEARCH_USER_PATHS = NO;
				ARCHS = "$(ARCHS_STANDARD_INCLUDING_64_BIT)";
				CLANG_CXX_LANGUAGE_STANDARD = "gnu++0x";
				CLANG_CXX_LIBRARY = "libc++";
				CLANG_ENABLE_MODULES = YES;
				CLANG_ENABLE_OBJC_ARC = YES;
				CLANG_WARN_BOOL_CONVERSION = YES;
				CLANG_WARN_CONSTANT_CONVERSION = YES;
				CLANG_WARN_DIRECT_OBJC_ISA_USAGE = YES_ERROR;
				CLANG_WARN_EMPTY_BODY = YES;
				CLANG_WARN_ENUM_CONVERSION = YES;
				CLANG_WARN_INT_CONVERSION = YES;
				CLANG_WARN_OBJC_ROOT_CLASS = YES_ERROR;
				CLANG_WARN__DUPLICATE_METHOD_MATCH = YES;
				"CODE_SIGN_IDENTITY[sdk=iphoneos*]" = "iPhone Developer";
				COPY_PHASE_STRIP = NO;
				GCC_C_LANGUAGE_STANDARD = gnu99;
				GCC_DYNAMIC_NO_PIC = NO;
				GCC_OPTIMIZATION_LEVEL = 0;
				GCC_PREPROCESSOR_DEFINITIONS = (
					"DEBUG=1",
					"$(inherited)",
				);
				GCC_SYMBOLS_PRIVATE_EXTERN = NO;
				GCC_WARN_64_TO_32_BIT_CONVERSION = YES;
				GCC_WARN_ABOUT_RETURN_TYPE = YES_ERROR;
				GCC_WARN_UNDECLARED_SELECTOR = YES;
				GCC_WARN_UNINITIALIZED_AUTOS = YES;
				GCC_WARN_UNUSED_FUNCTION = YES;
				GCC_WARN_UNUSED_VARIABLE = YES;
				IPHONEOS_DEPLOYMENT_TARGET = 6.0;
				ONLY_ACTIVE_ARCH = YES;
				SDKROOT = iphoneos;
			};
			name = Debug;
		};
		6617C9A718B25A93006BABCE /* Release */ = {
			isa = XCBuildConfiguration;
			buildSettings = {
				ALWAYS_SEARCH_USER_PATHS = NO;
				ARCHS = "$(ARCHS_STANDARD_INCLUDING_64_BIT)";
				CLANG_CXX_LANGUAGE_STANDARD = "gnu++0x";
				CLANG_CXX_LIBRARY = "libc++";
				CLANG_ENABLE_MODULES = YES;
				CLANG_ENABLE_OBJC_ARC = YES;
				CLANG_WARN_BOOL_CONVERSION = YES;
				CLANG_WARN_CONSTANT_CONVERSION = YES;
				CLANG_WARN_DIRECT_OBJC_ISA_USAGE = YES_ERROR;
				CLANG_WARN_EMPTY_BODY = YES;
				CLANG_WARN_ENUM_CONVERSION = YES;
				CLANG_WARN_INT_CONVERSION = YES;
				CLANG_WARN_OBJC_ROOT_CLASS = YES_ERROR;
				CLANG_WARN__DUPLICATE_METHOD_MATCH = YES;
				"CODE_SIGN_IDENTITY[sdk=iphoneos*]" = "iPhone Developer";
				COPY_PHASE_STRIP = YES;
				ENABLE_NS_ASSERTIONS = NO;
				GCC_C_LANGUAGE_STANDARD = gnu99;
				GCC_WARN_64_TO_32_BIT_CONVERSION = YES;
				GCC_WARN_ABOUT_RETURN_TYPE = YES_ERROR;
				GCC_WARN_UNDECLARED_SELECTOR = YES;
				GCC_WARN_UNINITIALIZED_AUTOS = YES;
				GCC_WARN_UNUSED_FUNCTION = YES;
				GCC_WARN_UNUSED_VARIABLE = YES;
				IPHONEOS_DEPLOYMENT_TARGET = 6.0;
				SDKROOT = iphoneos;
				VALIDATE_PRODUCT = YES;
			};
			name = Release;
		};
		6617C9A918B25A93006BABCE /* Debug */ = {
			isa = XCBuildConfiguration;
			buildSettings = {
				ASSETCATALOG_COMPILER_APPICON_NAME = AppIcon;
				ASSETCATALOG_COMPILER_LAUNCHIMAGE_NAME = LaunchImage;
				GCC_PRECOMPILE_PREFIX_HEADER = YES;
				GCC_PREFIX_HEADER = "Catalog/Catalog-Prefix.pch";
				INFOPLIST_FILE = "Catalog/Catalog-Info.plist";
				PRODUCT_NAME = "$(TARGET_NAME)";
				WRAPPER_EXTENSION = app;
			};
			name = Debug;
		};
		6617C9AA18B25A93006BABCE /* Release */ = {
			isa = XCBuildConfiguration;
			buildSettings = {
				ASSETCATALOG_COMPILER_APPICON_NAME = AppIcon;
				ASSETCATALOG_COMPILER_LAUNCHIMAGE_NAME = LaunchImage;
				GCC_PRECOMPILE_PREFIX_HEADER = YES;
				GCC_PREFIX_HEADER = "Catalog/Catalog-Prefix.pch";
				INFOPLIST_FILE = "Catalog/Catalog-Info.plist";
				PRODUCT_NAME = "$(TARGET_NAME)";
				WRAPPER_EXTENSION = app;
			};
			name = Release;
		};
/* End XCBuildConfiguration section */

/* Begin XCConfigurationList section */
		6617C97718B25A93006BABCE /* Build configuration list for PBXProject "Catalog" */ = {
			isa = XCConfigurationList;
			buildConfigurations = (
				6617C9A618B25A93006BABCE /* Debug */,
				6617C9A718B25A93006BABCE /* Release */,
			);
			defaultConfigurationIsVisible = 0;
			defaultConfigurationName = Release;
		};
		6617C9A818B25A93006BABCE /* Build configuration list for PBXNativeTarget "Catalog" */ = {
			isa = XCConfigurationList;
			buildConfigurations = (
				6617C9A918B25A93006BABCE /* Debug */,
				6617C9AA18B25A93006BABCE /* Release */,
			);
			defaultConfigurationIsVisible = 0;
			defaultConfigurationName = Release;
		};
/* End XCConfigurationList section */
	};
	rootObject = 6617C97418B25A93006BABCE /* Project object */;
}
